
Microsoft Visual Studio Solution File, Format Version 12.00
# Visual Studio Version 17
VisualStudioVersion = 17.5.002.0
MinimumVisualStudioVersion = 10.0.40219.1
Project("{9A19103F-16F7-4668-BE54-9A1E7A4F7556}") = "Task1", "task1\Task1.csproj", "{751C4052-2430-445F-B816-BDA592190A12}"
EndProject
Global
	GlobalSection(SolutionConfigurationPlatforms) = preSolution
		Debug|Any CPU = Debug|Any CPU
		Release|Any CPU = Release|Any CPU
	EndGlobalSection
	GlobalSection(ProjectConfigurationPlatforms) = postSolution
		{751C4052-2430-445F-B816-BDA592190A12}.Debug|Any CPU.ActiveCfg = Debug|Any CPU
		{751C4052-2430-445F-B816-BDA592190A12}.Debug|Any CPU.Build.0 = Debug|Any CPU
		{751C4052-2430-445F-B816-BDA592190A12}.Release|Any CPU.ActiveCfg = Release|Any CPU
		{751C4052-2430-445F-B816-BDA592190A12}.Release|Any CPU.Build.0 = Release|Any CPU
	EndGlobalSection
	GlobalSection(SolutionProperties) = preSolution
		HideSolutionNode = FALSE
	EndGlobalSection
	GlobalSection(ExtensibilityGlobals) = postSolution
		SolutionGuid = {F6A0A1CD-AF5C-40C2-9CA0-F4C7E9E3A403}
	EndGlobalSection
EndGlobal
